
Microsoft Visual Studio Solution File, Format Version 12.00
# Visual Studio 2012
Project("{8BC9CEB8-8B4A-11D0-8D11-00A0C91BC942}") = "Yello", "Yello.vcxproj", "{543D79E9-B723-4188-B345-9A676496AA9F}"
EndProject
Global
	GlobalSection(SolutionConfigurationPlatforms) = preSolution
		Debug|Win32 = Debug|Win32
		Release|Win32 = Release|Win32
	EndGlobalSection
	GlobalSection(ProjectConfigurationPlatforms) = postSolution
		{543D79E9-B723-4188-B345-9A676496AA9F}.Debug|Win32.ActiveCfg = Debug|Win32
		{543D79E9-B723-4188-B345-9A676496AA9F}.Debug|Win32.Build.0 = Debug|Win32
		{543D79E9-B723-4188-B345-9A676496AA9F}.Release|Win32.ActiveCfg = Release|Win32
		{543D79E9-B723-4188-B345-9A676496AA9F}.Release|Win32.Build.0 = Release|Win32
	EndGlobalSection
	GlobalSection(SolutionProperties) = preSolution
		HideSolutionNode = FALSE
	EndGlobalSection
EndGlobal
